// !$*UTF8*$!
{
	archiveVersion = 1;
	classes = {
	};
	objectVersion = 50;
	objects = {

/* Begin PBXBuildFile section */
		7324FAE78355FE37EDF2E0D4 /* Pods_BLE_Key_FinderTests.framework in Frameworks */ = {isa = PBXBuildFile; fileRef = 073EDBAA1145BEB697D3E7B6 /* Pods_BLE_Key_FinderTests.framework */; };
		A192C50FCF14D5040FAB283E /* Pods_BLE_Key_FinderUITests.framework in Frameworks */ = {isa = PBXBuildFile; fileRef = 6528B8005CF0870E1204AEF2 /* Pods_BLE_Key_FinderUITests.framework */; };
		A8A4728F21E9589400F567A5 /* libMinewtech.a in Frameworks */ = {isa = PBXBuildFile; fileRef = A8A4728221E9589300F567A5 /* libMinewtech.a */; };
		A8A4729021E9589400F567A5 /* DeviceTag.m in Sources */ = {isa = PBXBuildFile; fileRef = A8A4728321E9589300F567A5 /* DeviceTag.m */; };
		A8A4729121E9589400F567A5 /* DeviceTagManager.m in Sources */ = {isa = PBXBuildFile; fileRef = A8A4728721E9589400F567A5 /* DeviceTagManager.m */; };
		A8A4729221E9589400F567A5 /* MinewDevice+Extras.swift in Sources */ = {isa = PBXBuildFile; fileRef = A8A4728821E9589400F567A5 /* MinewDevice+Extras.swift */; };
		A8A4729321E9589400F567A5 /* NotificationManager.m in Sources */ = {isa = PBXBuildFile; fileRef = A8A4728921E9589400F567A5 /* NotificationManager.m */; };
		A8A4729421E9589400F567A5 /* AudioPlayerTool.m in Sources */ = {isa = PBXBuildFile; fileRef = A8A4728A21E9589400F567A5 /* AudioPlayerTool.m */; };
		A8A4729521E9589400F567A5 /* DeviceValue.swift in Sources */ = {isa = PBXBuildFile; fileRef = A8A4728D21E9589400F567A5 /* DeviceValue.swift */; };
		A8A4729821E95C2C00F567A5 /* alarm-sound.wav in Resources */ = {isa = PBXBuildFile; fileRef = A8A4729721E95C2C00F567A5 /* alarm-sound.wav */; };
		E25A58EA22B49974009D638F /* TrackerDataOperation.swift in Sources */ = {isa = PBXBuildFile; fileRef = E25A58E922B49974009D638F /* TrackerDataOperation.swift */; };
		E2A18DF522B4BB870087D0B4 /* DeviceTag+Ext.swift in Sources */ = {isa = PBXBuildFile; fileRef = E2A18DF422B4BB870087D0B4 /* DeviceTag+Ext.swift */; };
		E2A18DF822B4BFE90087D0B4 /* UserManager.swift in Sources */ = {isa = PBXBuildFile; fileRef = E2A18DF722B4BFE90087D0B4 /* UserManager.swift */; };
		E747713A21D1BC2200B117E0 /* APIManager.swift in Sources */ = {isa = PBXBuildFile; fileRef = E747713921D1BC2200B117E0 /* APIManager.swift */; };
		E747713C21D1C10C00B117E0 /* LoginOperation.swift in Sources */ = {isa = PBXBuildFile; fileRef = E747713B21D1C10C00B117E0 /* LoginOperation.swift */; };
		E747713F21D1C1BD00B117E0 /* AuthenticationInfo.swift in Sources */ = {isa = PBXBuildFile; fileRef = E747713E21D1C1BD00B117E0 /* AuthenticationInfo.swift */; };
		E747714121D3033900B117E0 /* AlertDisplay.swift in Sources */ = {isa = PBXBuildFile; fileRef = E747714021D3033900B117E0 /* AlertDisplay.swift */; };
		E752704121C2264D002DE144 /* AppDelegate.swift in Sources */ = {isa = PBXBuildFile; fileRef = E752704021C2264D002DE144 /* AppDelegate.swift */; };
		E752704621C2264D002DE144 /* Main.storyboard in Resources */ = {isa = PBXBuildFile; fileRef = E752704421C2264D002DE144 /* Main.storyboard */; };
		E752704821C2264F002DE144 /* Assets.xcassets in Resources */ = {isa = PBXBuildFile; fileRef = E752704721C2264F002DE144 /* Assets.xcassets */; };
		E752704B21C2264F002DE144 /* LaunchScreen.storyboard in Resources */ = {isa = PBXBuildFile; fileRef = E752704921C2264F002DE144 /* LaunchScreen.storyboard */; };
		E752705621C2264F002DE144 /* BLE_Key_FinderTests.swift in Sources */ = {isa = PBXBuildFile; fileRef = E752705521C2264F002DE144 /* BLE_Key_FinderTests.swift */; };
		E752706121C2264F002DE144 /* BLE_Key_FinderUITests.swift in Sources */ = {isa = PBXBuildFile; fileRef = E752706021C2264F002DE144 /* BLE_Key_FinderUITests.swift */; };
		E752707021C227D7002DE144 /* Log.swift in Sources */ = {isa = PBXBuildFile; fileRef = E752706F21C227D7002DE144 /* Log.swift */; };
		E752707221C229DC002DE144 /* Constants.swift in Sources */ = {isa = PBXBuildFile; fileRef = E752707121C229DC002DE144 /* Constants.swift */; };
		E752707521C22A64002DE144 /* Optional+Extras.swift in Sources */ = {isa = PBXBuildFile; fileRef = E752707421C22A64002DE144 /* Optional+Extras.swift */; };
		E752707721C22A85002DE144 /* UIViewController+Extras.swift in Sources */ = {isa = PBXBuildFile; fileRef = E752707621C22A85002DE144 /* UIViewController+Extras.swift */; };
		E752707921C22AB8002DE144 /* UITableView+Extras.swift in Sources */ = {isa = PBXBuildFile; fileRef = E752707821C22AB8002DE144 /* UITableView+Extras.swift */; };
		E752707D21C22ED2002DE144 /* Login.storyboard in Resources */ = {isa = PBXBuildFile; fileRef = E752707C21C22ED2002DE144 /* Login.storyboard */; };
		E781E62521C8BEB700638293 /* AddKeyCell.swift in Sources */ = {isa = PBXBuildFile; fileRef = E781E62421C8BEB700638293 /* AddKeyCell.swift */; };
		E7E31AE621ED706F00EA6AAD /* UITableViewCell+Extras.swift in Sources */ = {isa = PBXBuildFile; fileRef = E7E31AE521ED706F00EA6AAD /* UITableViewCell+Extras.swift */; };
		E7E31AE821ED783400EA6AAD /* RingingViewController.swift in Sources */ = {isa = PBXBuildFile; fileRef = E7E31AE721ED783400EA6AAD /* RingingViewController.swift */; };
		E7EAC06D21C4BFCB0072822B /* LoginViewController.swift in Sources */ = {isa = PBXBuildFile; fileRef = E7EAC06C21C4BFCB0072822B /* LoginViewController.swift */; };
		E7EAC06F21C4C3400072822B /* Color.swift in Sources */ = {isa = PBXBuildFile; fileRef = E7EAC06E21C4C3400072822B /* Color.swift */; };
		E7EB1D2921C8349C007A5811 /* AddKeyViewController.swift in Sources */ = {isa = PBXBuildFile; fileRef = E7EB1D2821C8349C007A5811 /* AddKeyViewController.swift */; };
		E7FBE03222FB3EAA008CE4D3 /* TrackerResponse.swift in Sources */ = {isa = PBXBuildFile; fileRef = E7FBE03122FB3EAA008CE4D3 /* TrackerResponse.swift */; };
		FF543EFC0E605BEEE7FEF65F /* Pods_BLE_Key_Finder.framework in Frameworks */ = {isa = PBXBuildFile; fileRef = 90F3F3322A8DA4AEF80E6502 /* Pods_BLE_Key_Finder.framework */; };
/* End PBXBuildFile section */

/* Begin PBXContainerItemProxy section */
		E752705221C2264F002DE144 /* PBXContainerItemProxy */ = {
			isa = PBXContainerItemProxy;
			containerPortal = E752703521C2264D002DE144 /* Project object */;
			proxyType = 1;
			remoteGlobalIDString = E752703C21C2264D002DE144;
			remoteInfo = "BLE Key Finder";
		};
		E752705D21C2264F002DE144 /* PBXContainerItemProxy */ = {
			isa = PBXContainerItemProxy;
			containerPortal = E752703521C2264D002DE144 /* Project object */;
			proxyType = 1;
			remoteGlobalIDString = E752703C21C2264D002DE144;
			remoteInfo = "BLE Key Finder";
		};
/* End PBXContainerItemProxy section */

/* Begin PBXFileReference section */
		073EDBAA1145BEB697D3E7B6 /* Pods_BLE_Key_FinderTests.framework */ = {isa = PBXFileReference; explicitFileType = wrapper.framework; includeInIndex = 0; path = Pods_BLE_Key_FinderTests.framework; sourceTree = BUILT_PRODUCTS_DIR; };
		1104E636988A115EA34F36FB /* Pods-BLE Key FinderUITests.release.xcconfig */ = {isa = PBXFileReference; includeInIndex = 1; lastKnownFileType = text.xcconfig; name = "Pods-BLE Key FinderUITests.release.xcconfig"; path = "Target Support Files/Pods-BLE Key FinderUITests/Pods-BLE Key FinderUITests.release.xcconfig"; sourceTree = "<group>"; };
		6528B8005CF0870E1204AEF2 /* Pods_BLE_Key_FinderUITests.framework */ = {isa = PBXFileReference; explicitFileType = wrapper.framework; includeInIndex = 0; path = Pods_BLE_Key_FinderUITests.framework; sourceTree = BUILT_PRODUCTS_DIR; };
		6B693A4BC4201F24DFCA4B70 /* Pods-BLE Key Finder.release.xcconfig */ = {isa = PBXFileReference; includeInIndex = 1; lastKnownFileType = text.xcconfig; name = "Pods-BLE Key Finder.release.xcconfig"; path = "Target Support Files/Pods-BLE Key Finder/Pods-BLE Key Finder.release.xcconfig"; sourceTree = "<group>"; };
		90F3F3322A8DA4AEF80E6502 /* Pods_BLE_Key_Finder.framework */ = {isa = PBXFileReference; explicitFileType = wrapper.framework; includeInIndex = 0; path = Pods_BLE_Key_Finder.framework; sourceTree = BUILT_PRODUCTS_DIR; };
		A8A4728021E9589300F567A5 /* DeviceTag.h */ = {isa = PBXFileReference; fileEncoding = 4; lastKnownFileType = sourcecode.c.h; name = DeviceTag.h; path = "BLE Key Finder/Minew Finder SDK/DeviceTag.h"; sourceTree = SOURCE_ROOT; };
		A8A4728121E9589300F567A5 /* NotificationManager.h */ = {isa = PBXFileReference; fileEncoding = 4; lastKnownFileType = sourcecode.c.h; name = NotificationManager.h; path = "BLE Key Finder/Minew Finder SDK/NotificationManager.h"; sourceTree = SOURCE_ROOT; };
		A8A4728221E9589300F567A5 /* libMinewtech.a */ = {isa = PBXFileReference; lastKnownFileType = archive.ar; name = libMinewtech.a; path = "BLE Key Finder/Minew Finder SDK/libMinewtech.a"; sourceTree = SOURCE_ROOT; };
		A8A4728321E9589300F567A5 /* DeviceTag.m */ = {isa = PBXFileReference; fileEncoding = 4; lastKnownFileType = sourcecode.c.objc; name = DeviceTag.m; path = "BLE Key Finder/Minew Finder SDK/DeviceTag.m"; sourceTree = SOURCE_ROOT; };
		A8A4728421E9589300F567A5 /* Bridging-Header.h */ = {isa = PBXFileReference; fileEncoding = 4; lastKnownFileType = sourcecode.c.h; name = "Bridging-Header.h"; path = "BLE Key Finder/Minew Finder SDK/Bridging-Header.h"; sourceTree = SOURCE_ROOT; };
		A8A4728521E9589300F567A5 /* MinewDevice.h */ = {isa = PBXFileReference; fileEncoding = 4; lastKnownFileType = sourcecode.c.h; name = MinewDevice.h; path = "BLE Key Finder/Minew Finder SDK/MinewDevice.h"; sourceTree = SOURCE_ROOT; };
		A8A4728621E9589400F567A5 /* DeviceTagManager.h */ = {isa = PBXFileReference; fileEncoding = 4; lastKnownFileType = sourcecode.c.h; name = DeviceTagManager.h; path = "BLE Key Finder/Minew Finder SDK/DeviceTagManager.h"; sourceTree = SOURCE_ROOT; };
		A8A4728721E9589400F567A5 /* DeviceTagManager.m */ = {isa = PBXFileReference; fileEncoding = 4; lastKnownFileType = sourcecode.c.objc; name = DeviceTagManager.m; path = "BLE Key Finder/Minew Finder SDK/DeviceTagManager.m"; sourceTree = SOURCE_ROOT; };
		A8A4728821E9589400F567A5 /* MinewDevice+Extras.swift */ = {isa = PBXFileReference; fileEncoding = 4; lastKnownFileType = sourcecode.swift; name = "MinewDevice+Extras.swift"; path = "BLE Key Finder/Minew Finder SDK/MinewDevice+Extras.swift"; sourceTree = SOURCE_ROOT; };
		A8A4728921E9589400F567A5 /* NotificationManager.m */ = {isa = PBXFileReference; fileEncoding = 4; lastKnownFileType = sourcecode.c.objc; name = NotificationManager.m; path = "BLE Key Finder/Minew Finder SDK/NotificationManager.m"; sourceTree = SOURCE_ROOT; };
		A8A4728A21E9589400F567A5 /* AudioPlayerTool.m */ = {isa = PBXFileReference; fileEncoding = 4; lastKnownFileType = sourcecode.c.objc; name = AudioPlayerTool.m; path = "BLE Key Finder/Minew Finder SDK/AudioPlayerTool.m"; sourceTree = SOURCE_ROOT; };
		A8A4728B21E9589400F567A5 /* AudioPlayerTool.h */ = {isa = PBXFileReference; fileEncoding = 4; lastKnownFileType = sourcecode.c.h; name = AudioPlayerTool.h; path = "BLE Key Finder/Minew Finder SDK/AudioPlayerTool.h"; sourceTree = SOURCE_ROOT; };
		A8A4728C21E9589400F567A5 /* MinewDeviceManager.h */ = {isa = PBXFileReference; fileEncoding = 4; lastKnownFileType = sourcecode.c.h; name = MinewDeviceManager.h; path = "BLE Key Finder/Minew Finder SDK/MinewDeviceManager.h"; sourceTree = SOURCE_ROOT; };
		A8A4728D21E9589400F567A5 /* DeviceValue.swift */ = {isa = PBXFileReference; fileEncoding = 4; lastKnownFileType = sourcecode.swift; name = DeviceValue.swift; path = "BLE Key Finder/Minew Finder SDK/DeviceValue.swift"; sourceTree = SOURCE_ROOT; };
		A8A4728E21E9589400F567A5 /* MinewDeviceValue.h */ = {isa = PBXFileReference; fileEncoding = 4; lastKnownFileType = sourcecode.c.h; name = MinewDeviceValue.h; path = "BLE Key Finder/Minew Finder SDK/MinewDeviceValue.h"; sourceTree = SOURCE_ROOT; };
		A8A4729721E95C2C00F567A5 /* alarm-sound.wav */ = {isa = PBXFileReference; lastKnownFileType = audio.wav; path = "alarm-sound.wav"; sourceTree = "<group>"; };
		C4CF636BE2426A35CBF31634 /* Pods-BLE Key FinderUITests.debug.xcconfig */ = {isa = PBXFileReference; includeInIndex = 1; lastKnownFileType = text.xcconfig; name = "Pods-BLE Key FinderUITests.debug.xcconfig"; path = "Target Support Files/Pods-BLE Key FinderUITests/Pods-BLE Key FinderUITests.debug.xcconfig"; sourceTree = "<group>"; };
		DA015127DDF070930A8C1395 /* Pods-BLE Key FinderTests.debug.xcconfig */ = {isa = PBXFileReference; includeInIndex = 1; lastKnownFileType = text.xcconfig; name = "Pods-BLE Key FinderTests.debug.xcconfig"; path = "Target Support Files/Pods-BLE Key FinderTests/Pods-BLE Key FinderTests.debug.xcconfig"; sourceTree = "<group>"; };
		DC00431EB599694DBD8E1C55 /* Pods-BLE Key FinderTests.release.xcconfig */ = {isa = PBXFileReference; includeInIndex = 1; lastKnownFileType = text.xcconfig; name = "Pods-BLE Key FinderTests.release.xcconfig"; path = "Target Support Files/Pods-BLE Key FinderTests/Pods-BLE Key FinderTests.release.xcconfig"; sourceTree = "<group>"; };
		E2577F41187FEE46E5F293FC /* Pods-BLE Key Finder.debug.xcconfig */ = {isa = PBXFileReference; includeInIndex = 1; lastKnownFileType = text.xcconfig; name = "Pods-BLE Key Finder.debug.xcconfig"; path = "Target Support Files/Pods-BLE Key Finder/Pods-BLE Key Finder.debug.xcconfig"; sourceTree = "<group>"; };
		E25A58E922B49974009D638F /* TrackerDataOperation.swift */ = {isa = PBXFileReference; lastKnownFileType = sourcecode.swift; path = TrackerDataOperation.swift; sourceTree = "<group>"; };
		E2A18DF422B4BB870087D0B4 /* DeviceTag+Ext.swift */ = {isa = PBXFileReference; lastKnownFileType = sourcecode.swift; path = "DeviceTag+Ext.swift"; sourceTree = "<group>"; };
		E2A18DF722B4BFE90087D0B4 /* UserManager.swift */ = {isa = PBXFileReference; lastKnownFileType = sourcecode.swift; path = UserManager.swift; sourceTree = "<group>"; };
		E747713921D1BC2200B117E0 /* APIManager.swift */ = {isa = PBXFileReference; lastKnownFileType = sourcecode.swift; path = APIManager.swift; sourceTree = "<group>"; };
		E747713B21D1C10C00B117E0 /* LoginOperation.swift */ = {isa = PBXFileReference; lastKnownFileType = sourcecode.swift; path = LoginOperation.swift; sourceTree = "<group>"; };
		E747713E21D1C1BD00B117E0 /* AuthenticationInfo.swift */ = {isa = PBXFileReference; lastKnownFileType = sourcecode.swift; path = AuthenticationInfo.swift; sourceTree = "<group>"; };
		E747714021D3033900B117E0 /* AlertDisplay.swift */ = {isa = PBXFileReference; lastKnownFileType = sourcecode.swift; path = AlertDisplay.swift; sourceTree = "<group>"; };
		E752703D21C2264D002DE144 /* BLE Key Finder.app */ = {isa = PBXFileReference; explicitFileType = wrapper.application; includeInIndex = 0; path = "BLE Key Finder.app"; sourceTree = BUILT_PRODUCTS_DIR; };
		E752704021C2264D002DE144 /* AppDelegate.swift */ = {isa = PBXFileReference; lastKnownFileType = sourcecode.swift; path = AppDelegate.swift; sourceTree = "<group>"; };
		E752704521C2264D002DE144 /* Base */ = {isa = PBXFileReference; lastKnownFileType = file.storyboard; name = Base; path = Base.lproj/Main.storyboard; sourceTree = "<group>"; };
		E752704721C2264F002DE144 /* Assets.xcassets */ = {isa = PBXFileReference; lastKnownFileType = folder.assetcatalog; path = Assets.xcassets; sourceTree = "<group>"; };
		E752704A21C2264F002DE144 /* Base */ = {isa = PBXFileReference; lastKnownFileType = file.storyboard; name = Base; path = Base.lproj/LaunchScreen.storyboard; sourceTree = "<group>"; };
		E752704C21C2264F002DE144 /* Info.plist */ = {isa = PBXFileReference; lastKnownFileType = text.plist.xml; path = Info.plist; sourceTree = "<group>"; };
		E752705121C2264F002DE144 /* BLE Key FinderTests.xctest */ = {isa = PBXFileReference; explicitFileType = wrapper.cfbundle; includeInIndex = 0; path = "BLE Key FinderTests.xctest"; sourceTree = BUILT_PRODUCTS_DIR; };
		E752705521C2264F002DE144 /* BLE_Key_FinderTests.swift */ = {isa = PBXFileReference; lastKnownFileType = sourcecode.swift; path = BLE_Key_FinderTests.swift; sourceTree = "<group>"; };
		E752705721C2264F002DE144 /* Info.plist */ = {isa = PBXFileReference; lastKnownFileType = text.plist.xml; path = Info.plist; sourceTree = "<group>"; };
		E752705C21C2264F002DE144 /* BLE Key FinderUITests.xctest */ = {isa = PBXFileReference; explicitFileType = wrapper.cfbundle; includeInIndex = 0; path = "BLE Key FinderUITests.xctest"; sourceTree = BUILT_PRODUCTS_DIR; };
		E752706021C2264F002DE144 /* BLE_Key_FinderUITests.swift */ = {isa = PBXFileReference; lastKnownFileType = sourcecode.swift; path = BLE_Key_FinderUITests.swift; sourceTree = "<group>"; };
		E752706221C2264F002DE144 /* Info.plist */ = {isa = PBXFileReference; lastKnownFileType = text.plist.xml; path = Info.plist; sourceTree = "<group>"; };
		E752706F21C227D7002DE144 /* Log.swift */ = {isa = PBXFileReference; lastKnownFileType = sourcecode.swift; path = Log.swift; sourceTree = "<group>"; };
		E752707121C229DC002DE144 /* Constants.swift */ = {isa = PBXFileReference; lastKnownFileType = sourcecode.swift; path = Constants.swift; sourceTree = "<group>"; };
		E752707421C22A64002DE144 /* Optional+Extras.swift */ = {isa = PBXFileReference; lastKnownFileType = sourcecode.swift; path = "Optional+Extras.swift"; sourceTree = "<group>"; };
		E752707621C22A85002DE144 /* UIViewController+Extras.swift */ = {isa = PBXFileReference; lastKnownFileType = sourcecode.swift; path = "UIViewController+Extras.swift"; sourceTree = "<group>"; };
		E752707821C22AB8002DE144 /* UITableView+Extras.swift */ = {isa = PBXFileReference; lastKnownFileType = sourcecode.swift; path = "UITableView+Extras.swift"; sourceTree = "<group>"; };
		E752707C21C22ED2002DE144 /* Login.storyboard */ = {isa = PBXFileReference; lastKnownFileType = file.storyboard; path = Login.storyboard; sourceTree = "<group>"; };
		E781E62421C8BEB700638293 /* AddKeyCell.swift */ = {isa = PBXFileReference; lastKnownFileType = sourcecode.swift; path = AddKeyCell.swift; sourceTree = "<group>"; };
		E7E31AE521ED706F00EA6AAD /* UITableViewCell+Extras.swift */ = {isa = PBXFileReference; lastKnownFileType = sourcecode.swift; path = "UITableViewCell+Extras.swift"; sourceTree = "<group>"; };
		E7E31AE721ED783400EA6AAD /* RingingViewController.swift */ = {isa = PBXFileReference; lastKnownFileType = sourcecode.swift; path = RingingViewController.swift; sourceTree = "<group>"; };
		E7EAC06C21C4BFCB0072822B /* LoginViewController.swift */ = {isa = PBXFileReference; lastKnownFileType = sourcecode.swift; path = LoginViewController.swift; sourceTree = "<group>"; };
		E7EAC06E21C4C3400072822B /* Color.swift */ = {isa = PBXFileReference; lastKnownFileType = sourcecode.swift; path = Color.swift; sourceTree = "<group>"; };
		E7EB1D2821C8349C007A5811 /* AddKeyViewController.swift */ = {isa = PBXFileReference; lastKnownFileType = sourcecode.swift; path = AddKeyViewController.swift; sourceTree = "<group>"; };
		E7FBE03122FB3EAA008CE4D3 /* TrackerResponse.swift */ = {isa = PBXFileReference; lastKnownFileType = sourcecode.swift; path = TrackerResponse.swift; sourceTree = "<group>"; };
/* End PBXFileReference section */

/* Begin PBXFrameworksBuildPhase section */
		E752703A21C2264D002DE144 /* Frameworks */ = {
			isa = PBXFrameworksBuildPhase;
			buildActionMask = 2147483647;
			files = (
				A8A4728F21E9589400F567A5 /* libMinewtech.a in Frameworks */,
				FF543EFC0E605BEEE7FEF65F /* Pods_BLE_Key_Finder.framework in Frameworks */,
			);
			runOnlyForDeploymentPostprocessing = 0;
		};
		E752704E21C2264F002DE144 /* Frameworks */ = {
			isa = PBXFrameworksBuildPhase;
			buildActionMask = 2147483647;
			files = (
				7324FAE78355FE37EDF2E0D4 /* Pods_BLE_Key_FinderTests.framework in Frameworks */,
			);
			runOnlyForDeploymentPostprocessing = 0;
		};
		E752705921C2264F002DE144 /* Frameworks */ = {
			isa = PBXFrameworksBuildPhase;
			buildActionMask = 2147483647;
			files = (
				A192C50FCF14D5040FAB283E /* Pods_BLE_Key_FinderUITests.framework in Frameworks */,
			);
			runOnlyForDeploymentPostprocessing = 0;
		};
/* End PBXFrameworksBuildPhase section */

/* Begin PBXGroup section */
		56AA8607752A1DAC14E792EB /* Pods */ = {
			isa = PBXGroup;
			children = (
				E2577F41187FEE46E5F293FC /* Pods-BLE Key Finder.debug.xcconfig */,
				6B693A4BC4201F24DFCA4B70 /* Pods-BLE Key Finder.release.xcconfig */,
				DA015127DDF070930A8C1395 /* Pods-BLE Key FinderTests.debug.xcconfig */,
				DC00431EB599694DBD8E1C55 /* Pods-BLE Key FinderTests.release.xcconfig */,
				C4CF636BE2426A35CBF31634 /* Pods-BLE Key FinderUITests.debug.xcconfig */,
				1104E636988A115EA34F36FB /* Pods-BLE Key FinderUITests.release.xcconfig */,
			);
			path = Pods;
			sourceTree = "<group>";
		};
		853F284EF425D2984212637C /* Frameworks */ = {
			isa = PBXGroup;
			children = (
				90F3F3322A8DA4AEF80E6502 /* Pods_BLE_Key_Finder.framework */,
				073EDBAA1145BEB697D3E7B6 /* Pods_BLE_Key_FinderTests.framework */,
				6528B8005CF0870E1204AEF2 /* Pods_BLE_Key_FinderUITests.framework */,
			);
			name = Frameworks;
			sourceTree = "<group>";
		};
		A84B4EA321D6F88C009DECD5 /* Minew Finder SDK */ = {
			isa = PBXGroup;
			children = (
				A8A4729621E95C0400F567A5 /* Resources */,
				A8A4728B21E9589400F567A5 /* AudioPlayerTool.h */,
				A8A4728A21E9589400F567A5 /* AudioPlayerTool.m */,
				A8A4728421E9589300F567A5 /* Bridging-Header.h */,
				A8A4728021E9589300F567A5 /* DeviceTag.h */,
				A8A4728321E9589300F567A5 /* DeviceTag.m */,
				A8A4728621E9589400F567A5 /* DeviceTagManager.h */,
				A8A4728721E9589400F567A5 /* DeviceTagManager.m */,
				A8A4728D21E9589400F567A5 /* DeviceValue.swift */,
				A8A4728221E9589300F567A5 /* libMinewtech.a */,
				A8A4728521E9589300F567A5 /* MinewDevice.h */,
				A8A4728821E9589400F567A5 /* MinewDevice+Extras.swift */,
				A8A4728C21E9589400F567A5 /* MinewDeviceManager.h */,
				A8A4728E21E9589400F567A5 /* MinewDeviceValue.h */,
				A8A4728121E9589300F567A5 /* NotificationManager.h */,
				A8A4728921E9589400F567A5 /* NotificationManager.m */,
			);
			name = "Minew Finder SDK";
			path = "New Group";
			sourceTree = "<group>";
		};
		A8A4729621E95C0400F567A5 /* Resources */ = {
			isa = PBXGroup;
			children = (
				A8A4729721E95C2C00F567A5 /* alarm-sound.wav */,
			);
			path = Resources;
			sourceTree = "<group>";
		};
		E2A18DF622B4BFD40087D0B4 /* Managers */ = {
			isa = PBXGroup;
			children = (
				E2A18DF722B4BFE90087D0B4 /* UserManager.swift */,
			);
			path = Managers;
			sourceTree = "<group>";
		};
		E747713821D1BC0400B117E0 /* Networking */ = {
			isa = PBXGroup;
			children = (
				E747713921D1BC2200B117E0 /* APIManager.swift */,
				E747713B21D1C10C00B117E0 /* LoginOperation.swift */,
				E25A58E922B49974009D638F /* TrackerDataOperation.swift */,
			);
			path = Networking;
			sourceTree = "<group>";
		};
		E747713D21D1C12A00B117E0 /* Models */ = {
			isa = PBXGroup;
			children = (
				E747713E21D1C1BD00B117E0 /* AuthenticationInfo.swift */,
				E7FBE03122FB3EAA008CE4D3 /* TrackerResponse.swift */,
			);
			path = Models;
			sourceTree = "<group>";
		};
		E752703421C2264D002DE144 = {
			isa = PBXGroup;
			children = (
				E752703F21C2264D002DE144 /* BLE Key Finder */,
				E752705421C2264F002DE144 /* BLE Key FinderTests */,
				E752705F21C2264F002DE144 /* BLE Key FinderUITests */,
				E752703E21C2264D002DE144 /* Products */,
				56AA8607752A1DAC14E792EB /* Pods */,
				853F284EF425D2984212637C /* Frameworks */,
			);
			sourceTree = "<group>";
		};
		E752703E21C2264D002DE144 /* Products */ = {
			isa = PBXGroup;
			children = (
				E752703D21C2264D002DE144 /* BLE Key Finder.app */,
				E752705121C2264F002DE144 /* BLE Key FinderTests.xctest */,
				E752705C21C2264F002DE144 /* BLE Key FinderUITests.xctest */,
			);
			name = Products;
			sourceTree = "<group>";
		};
		E752703F21C2264D002DE144 /* BLE Key Finder */ = {
			isa = PBXGroup;
			children = (
				E752704C21C2264F002DE144 /* Info.plist */,
				E752704021C2264D002DE144 /* AppDelegate.swift */,
				E752704721C2264F002DE144 /* Assets.xcassets */,
				E752704921C2264F002DE144 /* LaunchScreen.storyboard */,
				A84B4EA321D6F88C009DECD5 /* Minew Finder SDK */,
				E747713821D1BC0400B117E0 /* Networking */,
				E747713D21D1C12A00B117E0 /* Models */,
				E752707A21C22C2B002DE144 /* Shared */,
				E752707321C22A50002DE144 /* Extensions */,
				E2A18DF622B4BFD40087D0B4 /* Managers */,
				E752706E21C2272A002DE144 /* Main */,
			);
			path = "BLE Key Finder";
			sourceTree = "<group>";
		};
		E752705421C2264F002DE144 /* BLE Key FinderTests */ = {
			isa = PBXGroup;
			children = (
				E752705521C2264F002DE144 /* BLE_Key_FinderTests.swift */,
				E752705721C2264F002DE144 /* Info.plist */,
			);
			path = "BLE Key FinderTests";
			sourceTree = "<group>";
		};
		E752705F21C2264F002DE144 /* BLE Key FinderUITests */ = {
			isa = PBXGroup;
			children = (
				E752706021C2264F002DE144 /* BLE_Key_FinderUITests.swift */,
				E752706221C2264F002DE144 /* Info.plist */,
			);
			path = "BLE Key FinderUITests";
			sourceTree = "<group>";
		};
		E752706E21C2272A002DE144 /* Main */ = {
			isa = PBXGroup;
			children = (
				E781E61F21C8AF8400638293 /* Cells */,
				E752707B21C22C44002DE144 /* Login */,
				E752704421C2264D002DE144 /* Main.storyboard */,
				E7EB1D2821C8349C007A5811 /* AddKeyViewController.swift */,
				E7E31AE721ED783400EA6AAD /* RingingViewController.swift */,
			);
			path = Main;
			sourceTree = "<group>";
		};
		E752707321C22A50002DE144 /* Extensions */ = {
			isa = PBXGroup;
			children = (
				E752707421C22A64002DE144 /* Optional+Extras.swift */,
				E752707621C22A85002DE144 /* UIViewController+Extras.swift */,
				E752707821C22AB8002DE144 /* UITableView+Extras.swift */,
				E7E31AE521ED706F00EA6AAD /* UITableViewCell+Extras.swift */,
				E2A18DF422B4BB870087D0B4 /* DeviceTag+Ext.swift */,
			);
			path = Extensions;
			sourceTree = "<group>";
		};
		E752707A21C22C2B002DE144 /* Shared */ = {
			isa = PBXGroup;
			children = (
				E752706F21C227D7002DE144 /* Log.swift */,
				E752707121C229DC002DE144 /* Constants.swift */,
				E7EAC06E21C4C3400072822B /* Color.swift */,
				E747714021D3033900B117E0 /* AlertDisplay.swift */,
			);
			path = Shared;
			sourceTree = "<group>";
		};
		E752707B21C22C44002DE144 /* Login */ = {
			isa = PBXGroup;
			children = (
				E752707C21C22ED2002DE144 /* Login.storyboard */,
				E7EAC06C21C4BFCB0072822B /* LoginViewController.swift */,
			);
			path = Login;
			sourceTree = "<group>";
		};
		E781E61F21C8AF8400638293 /* Cells */ = {
			isa = PBXGroup;
			children = (
				E781E62421C8BEB700638293 /* AddKeyCell.swift */,
			);
			path = Cells;
			sourceTree = "<group>";
		};
/* End PBXGroup section */

/* Begin PBXNativeTarget section */
		E752703C21C2264D002DE144 /* BLE Key Finder */ = {
			isa = PBXNativeTarget;
			buildConfigurationList = E752706521C2264F002DE144 /* Build configuration list for PBXNativeTarget "BLE Key Finder" */;
			buildPhases = (
				667482D8A8E17BFA8F0D190C /* [CP] Check Pods Manifest.lock */,
				E752703921C2264D002DE144 /* Sources */,
				E752703A21C2264D002DE144 /* Frameworks */,
				E752703B21C2264D002DE144 /* Resources */,
				E14A49BA3380CE3B244D3F1C /* [CP] Embed Pods Frameworks */,
			);
			buildRules = (
			);
			dependencies = (
			);
			name = "BLE Key Finder";
			productName = "BLE Key Finder";
			productReference = E752703D21C2264D002DE144 /* BLE Key Finder.app */;
			productType = "com.apple.product-type.application";
		};
		E752705021C2264F002DE144 /* BLE Key FinderTests */ = {
			isa = PBXNativeTarget;
			buildConfigurationList = E752706821C2264F002DE144 /* Build configuration list for PBXNativeTarget "BLE Key FinderTests" */;
			buildPhases = (
				93B3132406C6ADE03DC94180 /* [CP] Check Pods Manifest.lock */,
				E752704D21C2264F002DE144 /* Sources */,
				E752704E21C2264F002DE144 /* Frameworks */,
				E752704F21C2264F002DE144 /* Resources */,
			);
			buildRules = (
			);
			dependencies = (
				E752705321C2264F002DE144 /* PBXTargetDependency */,
			);
			name = "BLE Key FinderTests";
			productName = "BLE Key FinderTests";
			productReference = E752705121C2264F002DE144 /* BLE Key FinderTests.xctest */;
			productType = "com.apple.product-type.bundle.unit-test";
		};
		E752705B21C2264F002DE144 /* BLE Key FinderUITests */ = {
			isa = PBXNativeTarget;
			buildConfigurationList = E752706B21C2264F002DE144 /* Build configuration list for PBXNativeTarget "BLE Key FinderUITests" */;
			buildPhases = (
				752F2F91B44DEF0944BDC1E5 /* [CP] Check Pods Manifest.lock */,
				E752705821C2264F002DE144 /* Sources */,
				E752705921C2264F002DE144 /* Frameworks */,
				E752705A21C2264F002DE144 /* Resources */,
			);
			buildRules = (
			);
			dependencies = (
				E752705E21C2264F002DE144 /* PBXTargetDependency */,
			);
			name = "BLE Key FinderUITests";
			productName = "BLE Key FinderUITests";
			productReference = E752705C21C2264F002DE144 /* BLE Key FinderUITests.xctest */;
			productType = "com.apple.product-type.bundle.ui-testing";
		};
/* End PBXNativeTarget section */

/* Begin PBXProject section */
		E752703521C2264D002DE144 /* Project object */ = {
			isa = PBXProject;
			attributes = {
				LastSwiftUpdateCheck = 1010;
				LastUpgradeCheck = 1010;
				ORGANIZATIONNAME = "Matt Gardner";
				TargetAttributes = {
					E752703C21C2264D002DE144 = {
						CreatedOnToolsVersion = 10.1;
						SystemCapabilities = {
							com.apple.BackgroundModes = {
								enabled = 1;
							};
						};
					};
					E752705021C2264F002DE144 = {
						CreatedOnToolsVersion = 10.1;
						LastSwiftMigration = 1020;
						TestTargetID = E752703C21C2264D002DE144;
					};
					E752705B21C2264F002DE144 = {
						CreatedOnToolsVersion = 10.1;
						LastSwiftMigration = 1020;
						TestTargetID = E752703C21C2264D002DE144;
					};
				};
			};
			buildConfigurationList = E752703821C2264D002DE144 /* Build configuration list for PBXProject "BLE Key Finder" */;
			compatibilityVersion = "Xcode 9.3";
			developmentRegion = en;
			hasScannedForEncodings = 0;
			knownRegions = (
				en,
				Base,
			);
			mainGroup = E752703421C2264D002DE144;
			productRefGroup = E752703E21C2264D002DE144 /* Products */;
			projectDirPath = "";
			projectRoot = "";
			targets = (
				E752703C21C2264D002DE144 /* BLE Key Finder */,
				E752705021C2264F002DE144 /* BLE Key FinderTests */,
				E752705B21C2264F002DE144 /* BLE Key FinderUITests */,
			);
		};
/* End PBXProject section */

/* Begin PBXResourcesBuildPhase section */
		E752703B21C2264D002DE144 /* Resources */ = {
			isa = PBXResourcesBuildPhase;
			buildActionMask = 2147483647;
			files = (
				E752707D21C22ED2002DE144 /* Login.storyboard in Resources */,
				A8A4729821E95C2C00F567A5 /* alarm-sound.wav in Resources */,
				E752704B21C2264F002DE144 /* LaunchScreen.storyboard in Resources */,
				E752704821C2264F002DE144 /* Assets.xcassets in Resources */,
				E752704621C2264D002DE144 /* Main.storyboard in Resources */,
			);
			runOnlyForDeploymentPostprocessing = 0;
		};
		E752704F21C2264F002DE144 /* Resources */ = {
			isa = PBXResourcesBuildPhase;
			buildActionMask = 2147483647;
			files = (
			);
			runOnlyForDeploymentPostprocessing = 0;
		};
		E752705A21C2264F002DE144 /* Resources */ = {
			isa = PBXResourcesBuildPhase;
			buildActionMask = 2147483647;
			files = (
			);
			runOnlyForDeploymentPostprocessing = 0;
		};
/* End PBXResourcesBuildPhase section */

/* Begin PBXShellScriptBuildPhase section */
		667482D8A8E17BFA8F0D190C /* [CP] Check Pods Manifest.lock */ = {
			isa = PBXShellScriptBuildPhase;
			buildActionMask = 2147483647;
			files = (
			);
			inputFileListPaths = (
			);
			inputPaths = (
				"${PODS_PODFILE_DIR_PATH}/Podfile.lock",
				"${PODS_ROOT}/Manifest.lock",
			);
			name = "[CP] Check Pods Manifest.lock";
			outputFileListPaths = (
			);
			outputPaths = (
				"$(DERIVED_FILE_DIR)/Pods-BLE Key Finder-checkManifestLockResult.txt",
			);
			runOnlyForDeploymentPostprocessing = 0;
			shellPath = /bin/sh;
			shellScript = "diff \"${PODS_PODFILE_DIR_PATH}/Podfile.lock\" \"${PODS_ROOT}/Manifest.lock\" > /dev/null\nif [ $? != 0 ] ; then\n    # print error to STDERR\n    echo \"error: The sandbox is not in sync with the Podfile.lock. Run 'pod install' or update your CocoaPods installation.\" >&2\n    exit 1\nfi\n# This output is used by Xcode 'outputs' to avoid re-running this script phase.\necho \"SUCCESS\" > \"${SCRIPT_OUTPUT_FILE_0}\"\n";
			showEnvVarsInLog = 0;
		};
		752F2F91B44DEF0944BDC1E5 /* [CP] Check Pods Manifest.lock */ = {
			isa = PBXShellScriptBuildPhase;
			buildActionMask = 2147483647;
			files = (
			);
			inputFileListPaths = (
			);
			inputPaths = (
				"${PODS_PODFILE_DIR_PATH}/Podfile.lock",
				"${PODS_ROOT}/Manifest.lock",
			);
			name = "[CP] Check Pods Manifest.lock";
			outputFileListPaths = (
			);
			outputPaths = (
				"$(DERIVED_FILE_DIR)/Pods-BLE Key FinderUITests-checkManifestLockResult.txt",
			);
			runOnlyForDeploymentPostprocessing = 0;
			shellPath = /bin/sh;
			shellScript = "diff \"${PODS_PODFILE_DIR_PATH}/Podfile.lock\" \"${PODS_ROOT}/Manifest.lock\" > /dev/null\nif [ $? != 0 ] ; then\n    # print error to STDERR\n    echo \"error: The sandbox is not in sync with the Podfile.lock. Run 'pod install' or update your CocoaPods installation.\" >&2\n    exit 1\nfi\n# This output is used by Xcode 'outputs' to avoid re-running this script phase.\necho \"SUCCESS\" > \"${SCRIPT_OUTPUT_FILE_0}\"\n";
			showEnvVarsInLog = 0;
		};
		93B3132406C6ADE03DC94180 /* [CP] Check Pods Manifest.lock */ = {
			isa = PBXShellScriptBuildPhase;
			buildActionMask = 2147483647;
			files = (
			);
			inputFileListPaths = (
			);
			inputPaths = (
				"${PODS_PODFILE_DIR_PATH}/Podfile.lock",
				"${PODS_ROOT}/Manifest.lock",
			);
			name = "[CP] Check Pods Manifest.lock";
			outputFileListPaths = (
			);
			outputPaths = (
				"$(DERIVED_FILE_DIR)/Pods-BLE Key FinderTests-checkManifestLockResult.txt",
			);
			runOnlyForDeploymentPostprocessing = 0;
			shellPath = /bin/sh;
			shellScript = "diff \"${PODS_PODFILE_DIR_PATH}/Podfile.lock\" \"${PODS_ROOT}/Manifest.lock\" > /dev/null\nif [ $? != 0 ] ; then\n    # print error to STDERR\n    echo \"error: The sandbox is not in sync with the Podfile.lock. Run 'pod install' or update your CocoaPods installation.\" >&2\n    exit 1\nfi\n# This output is used by Xcode 'outputs' to avoid re-running this script phase.\necho \"SUCCESS\" > \"${SCRIPT_OUTPUT_FILE_0}\"\n";
			showEnvVarsInLog = 0;
		};
		E14A49BA3380CE3B244D3F1C /* [CP] Embed Pods Frameworks */ = {
			isa = PBXShellScriptBuildPhase;
			buildActionMask = 2147483647;
			files = (
			);
			inputFileListPaths = (
			);
			inputPaths = (
				"${PODS_ROOT}/Target Support Files/Pods-BLE Key Finder/Pods-BLE Key Finder-frameworks.sh",
				"${BUILT_PRODUCTS_DIR}/Alamofire/Alamofire.framework",
				"${BUILT_PRODUCTS_DIR}/KeychainAccess/KeychainAccess.framework",
				"${BUILT_PRODUCTS_DIR}/PSOperations/PSOperations.framework",
			);
			name = "[CP] Embed Pods Frameworks";
			outputFileListPaths = (
			);
			outputPaths = (
				"${TARGET_BUILD_DIR}/${FRAMEWORKS_FOLDER_PATH}/Alamofire.framework",
				"${TARGET_BUILD_DIR}/${FRAMEWORKS_FOLDER_PATH}/KeychainAccess.framework",
				"${TARGET_BUILD_DIR}/${FRAMEWORKS_FOLDER_PATH}/PSOperations.framework",
			);
			runOnlyForDeploymentPostprocessing = 0;
			shellPath = /bin/sh;
			shellScript = "\"${PODS_ROOT}/Target Support Files/Pods-BLE Key Finder/Pods-BLE Key Finder-frameworks.sh\"\n";
			showEnvVarsInLog = 0;
		};
/* End PBXShellScriptBuildPhase section */

/* Begin PBXSourcesBuildPhase section */
		E752703921C2264D002DE144 /* Sources */ = {
			isa = PBXSourcesBuildPhase;
			buildActionMask = 2147483647;
			files = (
				E25A58EA22B49974009D638F /* TrackerDataOperation.swift in Sources */,
				E2A18DF822B4BFE90087D0B4 /* UserManager.swift in Sources */,
				E7E31AE821ED783400EA6AAD /* RingingViewController.swift in Sources */,
				E7E31AE621ED706F00EA6AAD /* UITableViewCell+Extras.swift in Sources */,
				A8A4729021E9589400F567A5 /* DeviceTag.m in Sources */,
				E752707721C22A85002DE144 /* UIViewController+Extras.swift in Sources */,
				E752704121C2264D002DE144 /* AppDelegate.swift in Sources */,
				A8A4729321E9589400F567A5 /* NotificationManager.m in Sources */,
				E747714121D3033900B117E0 /* AlertDisplay.swift in Sources */,
				E781E62521C8BEB700638293 /* AddKeyCell.swift in Sources */,
				A8A4729121E9589400F567A5 /* DeviceTagManager.m in Sources */,
				E7FBE03222FB3EAA008CE4D3 /* TrackerResponse.swift in Sources */,
				A8A4729221E9589400F567A5 /* MinewDevice+Extras.swift in Sources */,
				A8A4729521E9589400F567A5 /* DeviceValue.swift in Sources */,
				E752707521C22A64002DE144 /* Optional+Extras.swift in Sources */,
				E747713A21D1BC2200B117E0 /* APIManager.swift in Sources */,
				E7EB1D2921C8349C007A5811 /* AddKeyViewController.swift in Sources */,
				E7EAC06D21C4BFCB0072822B /* LoginViewController.swift in Sources */,
				E752707921C22AB8002DE144 /* UITableView+Extras.swift in Sources */,
				E2A18DF522B4BB870087D0B4 /* DeviceTag+Ext.swift in Sources */,
				E752707021C227D7002DE144 /* Log.swift in Sources */,
				A8A4729421E9589400F567A5 /* AudioPlayerTool.m in Sources */,
				E752707221C229DC002DE144 /* Constants.swift in Sources */,
				E747713C21D1C10C00B117E0 /* LoginOperation.swift in Sources */,
				E7EAC06F21C4C3400072822B /* Color.swift in Sources */,
				E747713F21D1C1BD00B117E0 /* AuthenticationInfo.swift in Sources */,
			);
			runOnlyForDeploymentPostprocessing = 0;
		};
		E752704D21C2264F002DE144 /* Sources */ = {
			isa = PBXSourcesBuildPhase;
			buildActionMask = 2147483647;
			files = (
				E752705621C2264F002DE144 /* BLE_Key_FinderTests.swift in Sources */,
			);
			runOnlyForDeploymentPostprocessing = 0;
		};
		E752705821C2264F002DE144 /* Sources */ = {
			isa = PBXSourcesBuildPhase;
			buildActionMask = 2147483647;
			files = (
				E752706121C2264F002DE144 /* BLE_Key_FinderUITests.swift in Sources */,
			);
			runOnlyForDeploymentPostprocessing = 0;
		};
/* End PBXSourcesBuildPhase section */

/* Begin PBXTargetDependency section */
		E752705321C2264F002DE144 /* PBXTargetDependency */ = {
			isa = PBXTargetDependency;
			target = E752703C21C2264D002DE144 /* BLE Key Finder */;
			targetProxy = E752705221C2264F002DE144 /* PBXContainerItemProxy */;
		};
		E752705E21C2264F002DE144 /* PBXTargetDependency */ = {
			isa = PBXTargetDependency;
			target = E752703C21C2264D002DE144 /* BLE Key Finder */;
			targetProxy = E752705D21C2264F002DE144 /* PBXContainerItemProxy */;
		};
/* End PBXTargetDependency section */

/* Begin PBXVariantGroup section */
		E752704421C2264D002DE144 /* Main.storyboard */ = {
			isa = PBXVariantGroup;
			children = (
				E752704521C2264D002DE144 /* Base */,
			);
			name = Main.storyboard;
			sourceTree = "<group>";
		};
		E752704921C2264F002DE144 /* LaunchScreen.storyboard */ = {
			isa = PBXVariantGroup;
			children = (
				E752704A21C2264F002DE144 /* Base */,
			);
			name = LaunchScreen.storyboard;
			sourceTree = "<group>";
		};
/* End PBXVariantGroup section */

/* Begin XCBuildConfiguration section */
		E752706321C2264F002DE144 /* Debug */ = {
			isa = XCBuildConfiguration;
			buildSettings = {
				ALWAYS_SEARCH_USER_PATHS = NO;
				CLANG_ANALYZER_NONNULL = YES;
				CLANG_ANALYZER_NUMBER_OBJECT_CONVERSION = YES_AGGRESSIVE;
				CLANG_CXX_LANGUAGE_STANDARD = "gnu++14";
				CLANG_CXX_LIBRARY = "libc++";
				CLANG_ENABLE_MODULES = YES;
				CLANG_ENABLE_OBJC_ARC = YES;
				CLANG_ENABLE_OBJC_WEAK = YES;
				CLANG_WARN_BLOCK_CAPTURE_AUTORELEASING = YES;
				CLANG_WARN_BOOL_CONVERSION = YES;
				CLANG_WARN_COMMA = YES;
				CLANG_WARN_CONSTANT_CONVERSION = YES;
				CLANG_WARN_DEPRECATED_OBJC_IMPLEMENTATIONS = YES;
				CLANG_WARN_DIRECT_OBJC_ISA_USAGE = YES_ERROR;
				CLANG_WARN_DOCUMENTATION_COMMENTS = YES;
				CLANG_WARN_EMPTY_BODY = YES;
				CLANG_WARN_ENUM_CONVERSION = YES;
				CLANG_WARN_INFINITE_RECURSION = YES;
				CLANG_WARN_INT_CONVERSION = YES;
				CLANG_WARN_NON_LITERAL_NULL_CONVERSION = YES;
				CLANG_WARN_OBJC_IMPLICIT_RETAIN_SELF = YES;
				CLANG_WARN_OBJC_LITERAL_CONVERSION = YES;
				CLANG_WARN_OBJC_ROOT_CLASS = YES_ERROR;
				CLANG_WARN_RANGE_LOOP_ANALYSIS = YES;
				CLANG_WARN_STRICT_PROTOTYPES = YES;
				CLANG_WARN_SUSPICIOUS_MOVE = YES;
				CLANG_WARN_UNGUARDED_AVAILABILITY = YES_AGGRESSIVE;
				CLANG_WARN_UNREACHABLE_CODE = YES;
				CLANG_WARN__DUPLICATE_METHOD_MATCH = YES;
				CODE_SIGN_IDENTITY = "iPhone Developer";
				COPY_PHASE_STRIP = NO;
				DEBUG_INFORMATION_FORMAT = dwarf;
				ENABLE_STRICT_OBJC_MSGSEND = YES;
				ENABLE_TESTABILITY = YES;
				GCC_C_LANGUAGE_STANDARD = gnu11;
				GCC_DYNAMIC_NO_PIC = NO;
				GCC_NO_COMMON_BLOCKS = YES;
				GCC_OPTIMIZATION_LEVEL = 0;
				GCC_PREPROCESSOR_DEFINITIONS = (
					"DEBUG=1",
					"$(inherited)",
				);
				GCC_WARN_64_TO_32_BIT_CONVERSION = YES;
				GCC_WARN_ABOUT_RETURN_TYPE = YES_ERROR;
				GCC_WARN_UNDECLARED_SELECTOR = YES;
				GCC_WARN_UNINITIALIZED_AUTOS = YES_AGGRESSIVE;
				GCC_WARN_UNUSED_FUNCTION = YES;
				GCC_WARN_UNUSED_VARIABLE = YES;
				IPHONEOS_DEPLOYMENT_TARGET = 12.1;
				MTL_ENABLE_DEBUG_INFO = INCLUDE_SOURCE;
				MTL_FAST_MATH = YES;
				ONLY_ACTIVE_ARCH = YES;
				SDKROOT = iphoneos;
				SWIFT_ACTIVE_COMPILATION_CONDITIONS = DEBUG;
				SWIFT_OPTIMIZATION_LEVEL = "-Onone";
			};
			name = Debug;
		};
		E752706421C2264F002DE144 /* Release */ = {
			isa = XCBuildConfiguration;
			buildSettings = {
				ALWAYS_SEARCH_USER_PATHS = NO;
				CLANG_ANALYZER_NONNULL = YES;
				CLANG_ANALYZER_NUMBER_OBJECT_CONVERSION = YES_AGGRESSIVE;
				CLANG_CXX_LANGUAGE_STANDARD = "gnu++14";
				CLANG_CXX_LIBRARY = "libc++";
				CLANG_ENABLE_MODULES = YES;
				CLANG_ENABLE_OBJC_ARC = YES;
				CLANG_ENABLE_OBJC_WEAK = YES;
				CLANG_WARN_BLOCK_CAPTURE_AUTORELEASING = YES;
				CLANG_WARN_BOOL_CONVERSION = YES;
				CLANG_WARN_COMMA = YES;
				CLANG_WARN_CONSTANT_CONVERSION = YES;
				CLANG_WARN_DEPRECATED_OBJC_IMPLEMENTATIONS = YES;
				CLANG_WARN_DIRECT_OBJC_ISA_USAGE = YES_ERROR;
				CLANG_WARN_DOCUMENTATION_COMMENTS = YES;
				CLANG_WARN_EMPTY_BODY = YES;
				CLANG_WARN_ENUM_CONVERSION = YES;
				CLANG_WARN_INFINITE_RECURSION = YES;
				CLANG_WARN_INT_CONVERSION = YES;
				CLANG_WARN_NON_LITERAL_NULL_CONVERSION = YES;
				CLANG_WARN_OBJC_IMPLICIT_RETAIN_SELF = YES;
				CLANG_WARN_OBJC_LITERAL_CONVERSION = YES;
				CLANG_WARN_OBJC_ROOT_CLASS = YES_ERROR;
				CLANG_WARN_RANGE_LOOP_ANALYSIS = YES;
				CLANG_WARN_STRICT_PROTOTYPES = YES;
				CLANG_WARN_SUSPICIOUS_MOVE = YES;
				CLANG_WARN_UNGUARDED_AVAILABILITY = YES_AGGRESSIVE;
				CLANG_WARN_UNREACHABLE_CODE = YES;
				CLANG_WARN__DUPLICATE_METHOD_MATCH = YES;
				CODE_SIGN_IDENTITY = "iPhone Developer";
				COPY_PHASE_STRIP = NO;
				DEBUG_INFORMATION_FORMAT = "dwarf-with-dsym";
				ENABLE_NS_ASSERTIONS = NO;
				ENABLE_STRICT_OBJC_MSGSEND = YES;
				GCC_C_LANGUAGE_STANDARD = gnu11;
				GCC_NO_COMMON_BLOCKS = YES;
				GCC_WARN_64_TO_32_BIT_CONVERSION = YES;
				GCC_WARN_ABOUT_RETURN_TYPE = YES_ERROR;
				GCC_WARN_UNDECLARED_SELECTOR = YES;
				GCC_WARN_UNINITIALIZED_AUTOS = YES_AGGRESSIVE;
				GCC_WARN_UNUSED_FUNCTION = YES;
				GCC_WARN_UNUSED_VARIABLE = YES;
				IPHONEOS_DEPLOYMENT_TARGET = 12.1;
				MTL_ENABLE_DEBUG_INFO = NO;
				MTL_FAST_MATH = YES;
				SDKROOT = iphoneos;
				SWIFT_COMPILATION_MODE = wholemodule;
				SWIFT_OPTIMIZATION_LEVEL = "-O";
				VALIDATE_PRODUCT = YES;
			};
			name = Release;
		};
		E752706621C2264F002DE144 /* Debug */ = {
			isa = XCBuildConfiguration;
			baseConfigurationReference = E2577F41187FEE46E5F293FC /* Pods-BLE Key Finder.debug.xcconfig */;
			buildSettings = {
				ASSETCATALOG_COMPILER_APPICON_NAME = AppIcon;
				CODE_SIGN_STYLE = Automatic;
				DEVELOPMENT_TEAM = 9S2A8ZDX4D;
				INFOPLIST_FILE = "BLE Key Finder/Info.plist";
				LD_RUNPATH_SEARCH_PATHS = (
					"$(inherited)",
					"@executable_path/Frameworks",
				);
				LIBRARY_SEARCH_PATHS = (
					"$(inherited)",
					"$(PROJECT_DIR)/BLE\\ Key\\ Finder/Minew\\ Finder\\ SDK\\ ",
					"$(PROJECT_DIR)/BLE\\ Key\\ Finder/New\\ Group",
					"$(PROJECT_DIR)/BLE\\ Key\\ Finder/Minew\\ Finder\\ SDK",
				);
				PRODUCT_BUNDLE_IDENTIFIER = "com.echolo.Key-Finder";
				PRODUCT_NAME = "$(TARGET_NAME)";
				SWIFT_OBJC_BRIDGING_HEADER = "BLE Key Finder/Minew Finder SDK/Bridging-Header.h";
				SWIFT_VERSION = 5.0;
				TARGETED_DEVICE_FAMILY = 1;
			};
			name = Debug;
		};
		E752706721C2264F002DE144 /* Release */ = {
			isa = XCBuildConfiguration;
			baseConfigurationReference = 6B693A4BC4201F24DFCA4B70 /* Pods-BLE Key Finder.release.xcconfig */;
			buildSettings = {
				ASSETCATALOG_COMPILER_APPICON_NAME = AppIcon;
				CODE_SIGN_STYLE = Automatic;
				DEVELOPMENT_TEAM = 9S2A8ZDX4D;
				INFOPLIST_FILE = "BLE Key Finder/Info.plist";
				LD_RUNPATH_SEARCH_PATHS = (
					"$(inherited)",
					"@executable_path/Frameworks",
				);
				LIBRARY_SEARCH_PATHS = (
					"$(inherited)",
					"$(PROJECT_DIR)/BLE\\ Key\\ Finder/Minew\\ Finder\\ SDK\\ ",
					"$(PROJECT_DIR)/BLE\\ Key\\ Finder/New\\ Group",
					"$(PROJECT_DIR)/BLE\\ Key\\ Finder/Minew\\ Finder\\ SDK",
				);
				PRODUCT_BUNDLE_IDENTIFIER = "com.echolo.Key-Finder";
				PRODUCT_NAME = "$(TARGET_NAME)";
				SWIFT_OBJC_BRIDGING_HEADER = "BLE Key Finder/Minew Finder SDK/Bridging-Header.h";
				SWIFT_VERSION = 5.0;
				TARGETED_DEVICE_FAMILY = 1;
			};
			name = Release;
		};
		E752706921C2264F002DE144 /* Debug */ = {
			isa = XCBuildConfiguration;
			baseConfigurationReference = DA015127DDF070930A8C1395 /* Pods-BLE Key FinderTests.debug.xcconfig */;
			buildSettings = {
				ALWAYS_EMBED_SWIFT_STANDARD_LIBRARIES = YES;
				BUNDLE_LOADER = "$(TEST_HOST)";
				CODE_SIGN_STYLE = Automatic;
				DEVELOPMENT_TEAM = YF8Q5XT26E;
				INFOPLIST_FILE = "BLE Key FinderTests/Info.plist";
				LD_RUNPATH_SEARCH_PATHS = (
					"$(inherited)",
					"@executable_path/Frameworks",
					"@loader_path/Frameworks",
				);
				PRODUCT_BUNDLE_IDENTIFIER = "com.echolo.BLE-Key-FinderTests";
				PRODUCT_NAME = "$(TARGET_NAME)";
				SWIFT_VERSION = 5.0;
				TARGETED_DEVICE_FAMILY = "1,2";
				TEST_HOST = "$(BUILT_PRODUCTS_DIR)/BLE Key Finder.app/BLE Key Finder";
			};
			name = Debug;
		};
		E752706A21C2264F002DE144 /* Release */ = {
			isa = XCBuildConfiguration;
			baseConfigurationReference = DC00431EB599694DBD8E1C55 /* Pods-BLE Key FinderTests.release.xcconfig */;
			buildSettings = {
				ALWAYS_EMBED_SWIFT_STANDARD_LIBRARIES = YES;
				BUNDLE_LOADER = "$(TEST_HOST)";
				CODE_SIGN_STYLE = Automatic;
				DEVELOPMENT_TEAM = YF8Q5XT26E;
				INFOPLIST_FILE = "BLE Key FinderTests/Info.plist";
				LD_RUNPATH_SEARCH_PATHS = (
					"$(inherited)",
					"@executable_path/Frameworks",
					"@loader_path/Frameworks",
				);
				PRODUCT_BUNDLE_IDENTIFIER = "com.echolo.BLE-Key-FinderTests";
				PRODUCT_NAME = "$(TARGET_NAME)";
				SWIFT_VERSION = 5.0;
				TARGETED_DEVICE_FAMILY = "1,2";
				TEST_HOST = "$(BUILT_PRODUCTS_DIR)/BLE Key Finder.app/BLE Key Finder";
			};
			name = Release;
		};
		E752706C21C2264F002DE144 /* Debug */ = {
			isa = XCBuildConfiguration;
			baseConfigurationReference = C4CF636BE2426A35CBF31634 /* Pods-BLE Key FinderUITests.debug.xcconfig */;
			buildSettings = {
				ALWAYS_EMBED_SWIFT_STANDARD_LIBRARIES = YES;
				CODE_SIGN_STYLE = Automatic;
				DEVELOPMENT_TEAM = YF8Q5XT26E;
				INFOPLIST_FILE = "BLE Key FinderUITests/Info.plist";
				LD_RUNPATH_SEARCH_PATHS = (
					"$(inherited)",
					"@executable_path/Frameworks",
					"@loader_path/Frameworks",
				);
				PRODUCT_BUNDLE_IDENTIFIER = "com.echolo.BLE-Key-FinderUITests";
				PRODUCT_NAME = "$(TARGET_NAME)";
				SWIFT_VERSION = 5.0;
				TARGETED_DEVICE_FAMILY = "1,2";
				TEST_TARGET_NAME = "BLE Key Finder";
			};
			name = Debug;
		};
		E752706D21C2264F002DE144 /* Release */ = {
			isa = XCBuildConfiguration;
			baseConfigurationReference = 1104E636988A115EA34F36FB /* Pods-BLE Key FinderUITests.release.xcconfig */;
			buildSettings = {
				ALWAYS_EMBED_SWIFT_STANDARD_LIBRARIES = YES;
				CODE_SIGN_STYLE = Automatic;
				DEVELOPMENT_TEAM = YF8Q5XT26E;
				INFOPLIST_FILE = "BLE Key FinderUITests/Info.plist";
				LD_RUNPATH_SEARCH_PATHS = (
					"$(inherited)",
					"@executable_path/Frameworks",
					"@loader_path/Frameworks",
				);
				PRODUCT_BUNDLE_IDENTIFIER = "com.echolo.BLE-Key-FinderUITests";
				PRODUCT_NAME = "$(TARGET_NAME)";
				SWIFT_VERSION = 5.0;
				TARGETED_DEVICE_FAMILY = "1,2";
				TEST_TARGET_NAME = "BLE Key Finder";
			};
			name = Release;
		};
/* End XCBuildConfiguration section */

/* Begin XCConfigurationList section */
		E752703821C2264D002DE144 /* Build configuration list for PBXProject "BLE Key Finder" */ = {
			isa = XCConfigurationList;
			buildConfigurations = (
				E752706321C2264F002DE144 /* Debug */,
				E752706421C2264F002DE144 /* Release */,
			);
			defaultConfigurationIsVisible = 0;
			defaultConfigurationName = Release;
		};
		E752706521C2264F002DE144 /* Build configuration list for PBXNativeTarget "BLE Key Finder" */ = {
			isa = XCConfigurationList;
			buildConfigurations = (
				E752706621C2264F002DE144 /* Debug */,
				E752706721C2264F002DE144 /* Release */,
			);
			defaultConfigurationIsVisible = 0;
			defaultConfigurationName = Release;
		};
		E752706821C2264F002DE144 /* Build configuration list for PBXNativeTarget "BLE Key FinderTests" */ = {
			isa = XCConfigurationList;
			buildConfigurations = (
				E752706921C2264F002DE144 /* Debug */,
				E752706A21C2264F002DE144 /* Release */,
			);
			defaultConfigurationIsVisible = 0;
			defaultConfigurationName = Release;
		};
		E752706B21C2264F002DE144 /* Build configuration list for PBXNativeTarget "BLE Key FinderUITests" */ = {
			isa = XCConfigurationList;
			buildConfigurations = (
				E752706C21C2264F002DE144 /* Debug */,
				E752706D21C2264F002DE144 /* Release */,
			);
			defaultConfigurationIsVisible = 0;
			defaultConfigurationName = Release;
		};
/* End XCConfigurationList section */
	};
	rootObject = E752703521C2264D002DE144 /* Project object */;
}
